
Microsoft Visual Studio Solution File, Format Version 12.00
# Visual Studio Version 17
VisualStudioVersion = 17.11.35312.102
MinimumVisualStudioVersion = 10.0.40219.1
Project("{FAE04EC0-301F-11D3-BF4B-00C04F79EFBC}") = "APIS_Degtiannikov", "APIS_Degtiannikov\APIS_Degtiannikov.csproj", "{BF3381D9-C8FE-4F46-8644-285DB80D4E1D}"
EndProject
Global
	GlobalSection(SolutionConfigurationPlatforms) = preSolution
		Debug|Any CPU = Debug|Any CPU
		Release|Any CPU = Release|Any CPU
	EndGlobalSection
	GlobalSection(ProjectConfigurationPlatforms) = postSolution
		{BF3381D9-C8FE-4F46-8644-285DB80D4E1D}.Debug|Any CPU.ActiveCfg = Debug|Any CPU
		{BF3381D9-C8FE-4F46-8644-285DB80D4E1D}.Debug|Any CPU.Build.0 = Debug|Any CPU
		{BF3381D9-C8FE-4F46-8644-285DB80D4E1D}.Release|Any CPU.ActiveCfg = Release|Any CPU
		{BF3381D9-C8FE-4F46-8644-285DB80D4E1D}.Release|Any CPU.Build.0 = Release|Any CPU
	EndGlobalSection
	GlobalSection(SolutionProperties) = preSolution
		HideSolutionNode = FALSE
	EndGlobalSection
	GlobalSection(ExtensibilityGlobals) = postSolution
		SolutionGuid = {2BBC4F83-D00C-49F1-80DA-F658F23DFB53}
	EndGlobalSection
EndGlobal
